
Microsoft Visual Studio Solution File, Format Version 12.00
# Visual Studio Version 17
VisualStudioVersion = 17.13.35931.197
MinimumVisualStudioVersion = 10.0.40219.1
Project("{2150E333-8FDC-42A3-9474-1A3956D46DE8}") = "src", "src", "{02EA681E-C7D8-13C7-8484-4AC65E1B71E8}"
EndProject
Project("{2150E333-8FDC-42A3-9474-1A3956D46DE8}") = "tests", "tests", "{B51B5674-73FE-4897-9D47-9EC42207595A}"
EndProject
Project("{2150E333-8FDC-42A3-9474-1A3956D46DE8}") = "Core", "Core", "{4D39BDB0-75B3-475C-9435-BBF1AB31BE06}"
EndProject
Project("{2150E333-8FDC-42A3-9474-1A3956D46DE8}") = "Infrastructure", "Infrastructure", "{D8276C29-4D0E-45BC-BD21-9E91C4C9944B}"
EndProject
Project("{2150E333-8FDC-42A3-9474-1A3956D46DE8}") = "Presentation", "Presentation", "{B1969D96-A922-4E5F-95ED-8621B12BD594}"
EndProject
Project("{FAE04EC0-301F-11D3-BF4B-00C04F79EFBC}") = "Queans.Api", "src\Presentation\Queans.Api\Queans.Api.csproj", "{55AB18A4-5920-4776-97B3-65BA88B75B46}"
EndProject
Project("{FAE04EC0-301F-11D3-BF4B-00C04F79EFBC}") = "Queans.Infrastructure", "src\Infrastructure\Queans.Infrastructure\Queans.Infrastructure.csproj", "{C5445206-F034-4964-8C75-F49D51AF04CD}"
EndProject
Project("{FAE04EC0-301F-11D3-BF4B-00C04F79EFBC}") = "Queans.Application", "src\Core\Queans.Application\Queans.Application.csproj", "{D500662B-16F6-4486-8A12-5C6D0DDA9BAB}"
EndProject
Project("{FAE04EC0-301F-11D3-BF4B-00C04F79EFBC}") = "Queans.Domain", "src\Core\Queans.Domain\Queans.Domain.csproj", "{BE3B618B-E340-4E10-8B8B-A98C65584E31}"
EndProject
Project("{2150E333-8FDC-42A3-9474-1A3956D46DE8}") = "UnitTests", "UnitTests", "{BEFDA68E-A891-49FE-A788-9250B78ED621}"
EndProject
Project("{2150E333-8FDC-42A3-9474-1A3956D46DE8}") = "Api.UnitTests", "Api.UnitTests", "{450ACA82-11F8-4CCF-AEA1-2E7969C60AD2}"
EndProject
Project("{2150E333-8FDC-42A3-9474-1A3956D46DE8}") = "Domain.UnitTests", "Domain.UnitTests", "{7DF8ED82-68FD-4D70-9589-380424EC6A13}"
EndProject
Project("{2150E333-8FDC-42A3-9474-1A3956D46DE8}") = "Application.UnitTests", "Application.UnitTests", "{CD5F7DCC-CEB5-47FC-A026-2854572F915B}"
EndProject
Project("{2150E333-8FDC-42A3-9474-1A3956D46DE8}") = "Infrastructure.UnitTests", "Infrastructure.UnitTests", "{0DAA67EA-30A3-4BC8-B669-259543CEEB75}"
EndProject
Project("{FAE04EC0-301F-11D3-BF4B-00C04F79EFBC}") = "Queans.Application.UnitTests", "tests\UnitTests\Application.UnitTests\Queans.Application.UnitTests\Queans.Application.UnitTests.csproj", "{0554D41C-5C47-427E-A330-44B728713554}"
EndProject
Global
	GlobalSection(SolutionConfigurationPlatforms) = preSolution
		Debug|Any CPU = Debug|Any CPU
		Release|Any CPU = Release|Any CPU
	EndGlobalSection
	GlobalSection(ProjectConfigurationPlatforms) = postSolution
		{55AB18A4-5920-4776-97B3-65BA88B75B46}.Debug|Any CPU.ActiveCfg = Debug|Any CPU
		{55AB18A4-5920-4776-97B3-65BA88B75B46}.Debug|Any CPU.Build.0 = Debug|Any CPU
		{55AB18A4-5920-4776-97B3-65BA88B75B46}.Release|Any CPU.ActiveCfg = Release|Any CPU
		{55AB18A4-5920-4776-97B3-65BA88B75B46}.Release|Any CPU.Build.0 = Release|Any CPU
		{C5445206-F034-4964-8C75-F49D51AF04CD}.Debug|Any CPU.ActiveCfg = Debug|Any CPU
		{C5445206-F034-4964-8C75-F49D51AF04CD}.Debug|Any CPU.Build.0 = Debug|Any CPU
		{C5445206-F034-4964-8C75-F49D51AF04CD}.Release|Any CPU.ActiveCfg = Release|Any CPU
		{C5445206-F034-4964-8C75-F49D51AF04CD}.Release|Any CPU.Build.0 = Release|Any CPU
		{D500662B-16F6-4486-8A12-5C6D0DDA9BAB}.Debug|Any CPU.ActiveCfg = Debug|Any CPU
		{D500662B-16F6-4486-8A12-5C6D0DDA9BAB}.Debug|Any CPU.Build.0 = Debug|Any CPU
		{D500662B-16F6-4486-8A12-5C6D0DDA9BAB}.Release|Any CPU.ActiveCfg = Release|Any CPU
		{D500662B-16F6-4486-8A12-5C6D0DDA9BAB}.Release|Any CPU.Build.0 = Release|Any CPU
		{BE3B618B-E340-4E10-8B8B-A98C65584E31}.Debug|Any CPU.ActiveCfg = Debug|Any CPU
		{BE3B618B-E340-4E10-8B8B-A98C65584E31}.Debug|Any CPU.Build.0 = Debug|Any CPU
		{BE3B618B-E340-4E10-8B8B-A98C65584E31}.Release|Any CPU.ActiveCfg = Release|Any CPU
		{BE3B618B-E340-4E10-8B8B-A98C65584E31}.Release|Any CPU.Build.0 = Release|Any CPU
		{0554D41C-5C47-427E-A330-44B728713554}.Debug|Any CPU.ActiveCfg = Debug|Any CPU
		{0554D41C-5C47-427E-A330-44B728713554}.Debug|Any CPU.Build.0 = Debug|Any CPU
		{0554D41C-5C47-427E-A330-44B728713554}.Release|Any CPU.ActiveCfg = Release|Any CPU
		{0554D41C-5C47-427E-A330-44B728713554}.Release|Any CPU.Build.0 = Release|Any CPU
	EndGlobalSection
	GlobalSection(SolutionProperties) = preSolution
		HideSolutionNode = FALSE
	EndGlobalSection
	GlobalSection(NestedProjects) = preSolution
		{4D39BDB0-75B3-475C-9435-BBF1AB31BE06} = {02EA681E-C7D8-13C7-8484-4AC65E1B71E8}
		{D8276C29-4D0E-45BC-BD21-9E91C4C9944B} = {02EA681E-C7D8-13C7-8484-4AC65E1B71E8}
		{B1969D96-A922-4E5F-95ED-8621B12BD594} = {02EA681E-C7D8-13C7-8484-4AC65E1B71E8}
		{55AB18A4-5920-4776-97B3-65BA88B75B46} = {B1969D96-A922-4E5F-95ED-8621B12BD594}
		{C5445206-F034-4964-8C75-F49D51AF04CD} = {D8276C29-4D0E-45BC-BD21-9E91C4C9944B}
		{D500662B-16F6-4486-8A12-5C6D0DDA9BAB} = {4D39BDB0-75B3-475C-9435-BBF1AB31BE06}
		{BE3B618B-E340-4E10-8B8B-A98C65584E31} = {4D39BDB0-75B3-475C-9435-BBF1AB31BE06}
		{BEFDA68E-A891-49FE-A788-9250B78ED621} = {B51B5674-73FE-4897-9D47-9EC42207595A}
		{450ACA82-11F8-4CCF-AEA1-2E7969C60AD2} = {BEFDA68E-A891-49FE-A788-9250B78ED621}
		{7DF8ED82-68FD-4D70-9589-380424EC6A13} = {BEFDA68E-A891-49FE-A788-9250B78ED621}
		{CD5F7DCC-CEB5-47FC-A026-2854572F915B} = {BEFDA68E-A891-49FE-A788-9250B78ED621}
		{0DAA67EA-30A3-4BC8-B669-259543CEEB75} = {BEFDA68E-A891-49FE-A788-9250B78ED621}
		{0554D41C-5C47-427E-A330-44B728713554} = {CD5F7DCC-CEB5-47FC-A026-2854572F915B}
	EndGlobalSection
	GlobalSection(ExtensibilityGlobals) = postSolution
		SolutionGuid = {51B8CB0D-FF5D-4562-A696-17D9E904FED4}
	EndGlobalSection
EndGlobal
